
Microsoft Visual Studio Solution File, Format Version 12.00
# Visual Studio 14
VisualStudioVersion = 14.0.25123.0
MinimumVisualStudioVersion = 10.0.40219.1
Project("{FAE04EC0-301F-11D3-BF4B-00C04F79EFBC}") = "programa05_03", "programa05_03\programa05_03.csproj", "{5A86A449-04EF-47FA-BA76-FD6F320AF78C}"
EndProject
Global
	GlobalSection(SolutionConfigurationPlatforms) = preSolution
		Debug|Any CPU = Debug|Any CPU
		Release|Any CPU = Release|Any CPU
	EndGlobalSection
	GlobalSection(ProjectConfigurationPlatforms) = postSolution
		{5A86A449-04EF-47FA-BA76-FD6F320AF78C}.Debug|Any CPU.ActiveCfg = Debug|Any CPU
		{5A86A449-04EF-47FA-BA76-FD6F320AF78C}.Debug|Any CPU.Build.0 = Debug|Any CPU
		{5A86A449-04EF-47FA-BA76-FD6F320AF78C}.Release|Any CPU.ActiveCfg = Release|Any CPU
		{5A86A449-04EF-47FA-BA76-FD6F320AF78C}.Release|Any CPU.Build.0 = Release|Any CPU
	EndGlobalSection
	GlobalSection(SolutionProperties) = preSolution
		HideSolutionNode = FALSE
	EndGlobalSection
EndGlobal
